{
  "nodes": {
    "agent-browser": {
      "flake": false,
      "locked": {
        "lastModified": 1771833017,
        "narHash": "sha256-ZibkAAnoa8PygpKCnM9UuFStj4aW8CIctxlpJ3/FMwE=",
        "owner": "vercel-labs",
        "repo": "agent-browser",
        "rev": "12d79e4428e081885735add16f430e8cfdcae42c",
        "type": "github"
      },
      "original": {
        "owner": "vercel-labs",
        "repo": "agent-browser",
        "type": "github"
      }
    },
    "axiom-deploy-annotation": {
      "inputs": {
        "nixpkgs": [
          "nixpkgs"
        ]
      },
      "locked": {
        "lastModified": 1767705255,
        "narHash": "sha256-mn8A371K+CBIrkZyaLMIxSK/XX0pejTxAq7IcImWRUw=",
        "owner": "bdsqqq",
        "repo": "axiom-deploy-annotation",
        "rev": "c1a9f86a93bab012df2e8dfb23843621c9f9804a",
        "type": "github"
      },
      "original": {
        "owner": "bdsqqq",
        "repo": "axiom-deploy-annotation",
        "type": "github"
      }
    },
    "axiom-skills": {
      "flake": false,
      "locked": {
        "lastModified": 1771465095,
        "narHash": "sha256-QqCA0uQAgo20mSZLtRgelbdUY7y5T+bOqf55czOUfQg=",
        "owner": "axiomhq",
        "repo": "skills",
        "rev": "7d2ae91be5c279fb4a2571a9b8e4ceb926ea7665",
        "type": "github"
      },
      "original": {
        "owner": "axiomhq",
        "repo": "skills",
        "type": "github"
      }
    },
    "base16": {
      "inputs": {
        "fromYaml": "fromYaml"
      },
      "locked": {
        "lastModified": 1755819240,
        "narHash": "sha256-qcMhnL7aGAuFuutH4rq9fvAhCpJWVHLcHVZLtPctPlo=",
        "owner": "SenchoPens",
        "repo": "base16.nix",
        "rev": "75ed5e5e3fce37df22e49125181fa37899c3ccd6",
        "type": "github"
      },
      "original": {
        "owner": "SenchoPens",
        "repo": "base16.nix",
        "type": "github"
      }
    },
    "base16-fish": {
      "flake": false,
      "locked": {
        "lastModified": 1765809053,
        "narHash": "sha256-XCUQLoLfBJ8saWms2HCIj4NEN+xNsWBlU1NrEPcQG4s=",
        "owner": "tomyun",
        "repo": "base16-fish",
        "rev": "86cbea4dca62e08fb7fd83a70e96472f92574782",
        "type": "github"
      },
      "original": {
        "owner": "tomyun",
        "repo": "base16-fish",
        "rev": "86cbea4dca62e08fb7fd83a70e96472f92574782",
        "type": "github"
      }
    },
    "base16-helix": {
      "flake": false,
      "locked": {
        "lastModified": 1760703920,
        "narHash": "sha256-m82fGUYns4uHd+ZTdoLX2vlHikzwzdu2s2rYM2bNwzw=",
        "owner": "tinted-theming",
        "repo": "base16-helix",
        "rev": "d646af9b7d14bff08824538164af99d0c521b185",
        "type": "github"
      },
      "original": {
        "owner": "tinted-theming",
        "repo": "base16-helix",
        "type": "github"
      }
    },
    "base16-vim": {
      "flake": false,
      "locked": {
        "lastModified": 1732806396,
        "narHash": "sha256-e0bpPySdJf0F68Ndanwm+KWHgQiZ0s7liLhvJSWDNsA=",
        "owner": "tinted-theming",
        "repo": "base16-vim",
        "rev": "577fe8125d74ff456cf942c733a85d769afe58b7",
        "type": "github"
      },
      "original": {
        "owner": "tinted-theming",
        "repo": "base16-vim",
        "rev": "577fe8125d74ff456cf942c733a85d769afe58b7",
        "type": "github"
      }
    },
    "berkeley-mono": {
      "flake": false,
      "locked": {
        "path": "./modules/shared/berkeley-mono",
        "type": "path"
      },
      "original": {
        "path": "./modules/shared/berkeley-mono",
        "type": "path"
      },
      "parent": []
    },
    "copyparty": {
      "inputs": {
        "flake-utils": "flake-utils",
        "nixpkgs": [
          "nixpkgs"
        ]
      },
      "locked": {
        "lastModified": 1772039265,
        "narHash": "sha256-3TR+B2DmkkkIi/b0CE8PuKkmb2jgzdKrOPsIwdWhsM0=",
        "owner": "9001",
        "repo": "copyparty",
        "rev": "7c60adc69c977fb4b75e31c576131b1379498c3f",
        "type": "github"
      },
      "original": {
        "owner": "9001",
        "repo": "copyparty",
        "type": "github"
      }
    },
    "cursor": {
      "inputs": {
        "flake-utils": "flake-utils_2",
        "nixpkgs": [
          "nixpkgs"
        ]
      },
      "locked": {
        "lastModified": 1768232901,
        "narHash": "sha256-YJVohdob+qhocqfqtf1h69r7G3J/HMD+pJke+D3FAis=",
        "owner": "bdsqqq",
        "repo": "cursor-nix",
        "rev": "5c4bb5556ae27b33cbc2f730131044d0095d7706",
        "type": "github"
      },
      "original": {
        "owner": "bdsqqq",
        "repo": "cursor-nix",
        "type": "github"
      }
    },
    "firefox-gnome-theme": {
      "flake": false,
      "locked": {
        "lastModified": 1764873433,
        "narHash": "sha256-1XPewtGMi+9wN9Ispoluxunw/RwozuTRVuuQOmxzt+A=",
        "owner": "rafaelmardojai",
        "repo": "firefox-gnome-theme",
        "rev": "f7ffd917ac0d253dbd6a3bf3da06888f57c69f92",
        "type": "github"
      },
      "original": {
        "owner": "rafaelmardojai",
        "repo": "firefox-gnome-theme",
        "type": "github"
      }
    },
    "flake-parts": {
      "inputs": {
        "nixpkgs-lib": "nixpkgs-lib"
      },
      "locked": {
        "lastModified": 1769996383,
        "narHash": "sha256-AnYjnFWgS49RlqX7LrC4uA+sCCDBj0Ry/WOJ5XWAsa0=",
        "owner": "hercules-ci",
        "repo": "flake-parts",
        "rev": "57928607ea566b5db3ad13af0e57e921e6b12381",
        "type": "github"
      },
      "original": {
        "owner": "hercules-ci",
        "repo": "flake-parts",
        "type": "github"
      }
    },
    "flake-parts_2": {
      "inputs": {
        "nixpkgs-lib": [
          "stylix",
          "nixpkgs"
        ]
      },
      "locked": {
        "lastModified": 1767609335,
        "narHash": "sha256-feveD98mQpptwrAEggBQKJTYbvwwglSbOv53uCfH9PY=",
        "owner": "hercules-ci",
        "repo": "flake-parts",
        "rev": "250481aafeb741edfe23d29195671c19b36b6dca",
        "type": "github"
      },
      "original": {
        "owner": "hercules-ci",
        "repo": "flake-parts",
        "type": "github"
      }
    },
    "flake-utils": {
      "locked": {
        "lastModified": 1678901627,
        "narHash": "sha256-U02riOqrKKzwjsxc/400XnElV+UtPUQWpANPlyazjH0=",
        "owner": "numtide",
        "repo": "flake-utils",
        "rev": "93a2b84fc4b70d9e089d029deacc3583435c2ed6",
        "type": "github"
      },
      "original": {
        "owner": "numtide",
        "repo": "flake-utils",
        "type": "github"
      }
    },
    "flake-utils_2": {
      "inputs": {
        "systems": "systems"
      },
      "locked": {
        "lastModified": 1731533236,
        "narHash": "sha256-l0KFg5HjrsfsO/JpG+r7fRrqm12kzFHyUHqHCVpMMbI=",
        "owner": "numtide",
        "repo": "flake-utils",
        "rev": "11707dc2f618dd54ca8739b309ec4fc024de578b",
        "type": "github"
      },
      "original": {
        "owner": "numtide",
        "repo": "flake-utils",
        "type": "github"
      }
    },
    "flake-utils_3": {
      "inputs": {
        "systems": "systems_2"
      },
      "locked": {
        "lastModified": 1731533236,
        "narHash": "sha256-l0KFg5HjrsfsO/JpG+r7fRrqm12kzFHyUHqHCVpMMbI=",
        "owner": "numtide",
        "repo": "flake-utils",
        "rev": "11707dc2f618dd54ca8739b309ec4fc024de578b",
        "type": "github"
      },
      "original": {
        "owner": "numtide",
        "repo": "flake-utils",
        "type": "github"
      }
    },
    "fromYaml": {
      "flake": false,
      "locked": {
        "lastModified": 1731966426,
        "narHash": "sha256-lq95WydhbUTWig/JpqiB7oViTcHFP8Lv41IGtayokA8=",
        "owner": "SenchoPens",
        "repo": "fromYaml",
        "rev": "106af9e2f715e2d828df706c386a685698f3223b",
        "type": "github"
      },
      "original": {
        "owner": "SenchoPens",
        "repo": "fromYaml",
        "type": "github"
      }
    },
    "gnome-shell": {
      "flake": false,
      "locked": {
        "host": "gitlab.gnome.org",
        "lastModified": 1767737596,
        "narHash": "sha256-eFujfIUQDgWnSJBablOuG+32hCai192yRdrNHTv0a+s=",
        "owner": "GNOME",
        "repo": "gnome-shell",
        "rev": "ef02db02bf0ff342734d525b5767814770d85b49",
        "type": "gitlab"
      },
      "original": {
        "host": "gitlab.gnome.org",
        "owner": "GNOME",
        "ref": "gnome-49",
        "repo": "gnome-shell",
        "type": "gitlab"
      }
    },
    "home-manager": {
      "inputs": {
        "nixpkgs": [
          "nixpkgs"
        ]
      },
      "locked": {
        "lastModified": 1771756436,
        "narHash": "sha256-Tl2I0YXdhSTufGqAaD1ySh8x+cvVsEI1mJyJg12lxhI=",
        "owner": "nix-community",
        "repo": "home-manager",
        "rev": "5bd3589390b431a63072868a90c0f24771ff4cbb",
        "type": "github"
      },
      "original": {
        "owner": "nix-community",
        "repo": "home-manager",
        "type": "github"
      }
    },
    "jovian-nixos": {
      "inputs": {
        "nix-github-actions": "nix-github-actions",
        "nixpkgs": [
          "nixpkgs"
        ]
      },
      "locked": {
        "lastModified": 1771587792,
        "narHash": "sha256-XGFLdlLOez7f0rmjlF+1TLXyBguy8gx2aBHx/Q5JXxs=",
        "owner": "Jovian-Experiments",
        "repo": "Jovian-NixOS",
        "rev": "b49fc54950e251f166a2240799315033ab7a8916",
        "type": "github"
      },
      "original": {
        "owner": "Jovian-Experiments",
        "repo": "Jovian-NixOS",
        "type": "github"
      }
    },
    "lnr": {
      "inputs": {
        "flake-utils": "flake-utils_3",
        "nixpkgs": [
          "nixpkgs"
        ]
      },
      "locked": {
        "lastModified": 1771945074,
        "narHash": "sha256-KZt3MKTEUYK/YOP8E912/j0+7lm51Fsc4KGhtJjo1IY=",
        "owner": "bdsqqq",
        "repo": "lnr",
        "rev": "2ac0485d7a4c5522897e2b01e77efd147a95c2cf",
        "type": "github"
      },
      "original": {
        "owner": "bdsqqq",
        "repo": "lnr",
        "type": "github"
      }
    },
    "niri": {
      "inputs": {
        "niri-stable": "niri-stable",
        "niri-unstable": "niri-unstable",
        "nixpkgs": "nixpkgs",
        "nixpkgs-stable": "nixpkgs-stable",
        "xwayland-satellite-stable": "xwayland-satellite-stable",
        "xwayland-satellite-unstable": "xwayland-satellite-unstable"
      },
      "locked": {
        "lastModified": 1771832014,
        "narHash": "sha256-Vi26U3yzhGkg6+dv3w3kOTAi+KIdDyOf+Rd8s/z+2tU=",
        "owner": "sodiboo",
        "repo": "niri-flake",
        "rev": "784d17c580cb966a37e2290e70bf25dd9273b2f1",
        "type": "github"
      },
      "original": {
        "owner": "sodiboo",
        "repo": "niri-flake",
        "type": "github"
      }
    },
    "niri-stable": {
      "flake": false,
      "locked": {
        "lastModified": 1756556321,
        "narHash": "sha256-RLD89dfjN0RVO86C/Mot0T7aduCygPGaYbog566F0Qo=",
        "owner": "YaLTeR",
        "repo": "niri",
        "rev": "01be0e65f4eb91a9cd624ac0b76aaeab765c7294",
        "type": "github"
      },
      "original": {
        "owner": "YaLTeR",
        "ref": "v25.08",
        "repo": "niri",
        "type": "github"
      }
    },
    "niri-unstable": {
      "flake": false,
      "locked": {
        "lastModified": 1771305475,
        "narHash": "sha256-lqweVTwHhYc+9T33cysp38gVwxaibGJHriOPZXWyhCY=",
        "owner": "YaLTeR",
        "repo": "niri",
        "rev": "a2a52911757cb3b497db9407592f9b4c439571ea",
        "type": "github"
      },
      "original": {
        "owner": "YaLTeR",
        "repo": "niri",
        "type": "github"
      }
    },
    "nix-darwin": {
      "inputs": {
        "nixpkgs": [
          "nixpkgs"
        ]
      },
      "locked": {
        "lastModified": 1771520882,
        "narHash": "sha256-9SeTZ4Pwr730YfT7V8Azb8GFbwk1ZwiQDAwft3qAD+o=",
        "owner": "nix-darwin",
        "repo": "nix-darwin",
        "rev": "6a7fdcd5839ec8b135821179eea3b58092171bcf",
        "type": "github"
      },
      "original": {
        "owner": "nix-darwin",
        "ref": "master",
        "repo": "nix-darwin",
        "type": "github"
      }
    },
    "nix-flatpak": {
      "locked": {
        "lastModified": 1768656715,
        "narHash": "sha256-Sbh037scxKFm7xL0ahgSCw+X2/5ZKeOwI2clqrYr9j4=",
        "owner": "gmodena",
        "repo": "nix-flatpak",
        "rev": "123fe29340a5b8671367055b75a6e7c320d6f89a",
        "type": "github"
      },
      "original": {
        "owner": "gmodena",
        "repo": "nix-flatpak",
        "type": "github"
      }
    },
    "nix-github-actions": {
      "inputs": {
        "nixpkgs": [
          "jovian-nixos",
          "nixpkgs"
        ]
      },
      "locked": {
        "lastModified": 1729697500,
        "narHash": "sha256-VFTWrbzDlZyFHHb1AlKRiD/qqCJIripXKiCSFS8fAOY=",
        "owner": "zhaofengli",
        "repo": "nix-github-actions",
        "rev": "e418aeb728b6aa5ca8c5c71974e7159c2df1d8cf",
        "type": "github"
      },
      "original": {
        "owner": "zhaofengli",
        "ref": "matrix-name",
        "repo": "nix-github-actions",
        "type": "github"
      }
    },
    "nixos-hardware": {
      "locked": {
        "lastModified": 1771423359,
        "narHash": "sha256-yRKJ7gpVmXbX2ZcA8nFi6CMPkJXZGjie2unsiMzj3Ig=",
        "owner": "NixOS",
        "repo": "nixos-hardware",
        "rev": "740a22363033e9f1bb6270fbfb5a9574067af15b",
        "type": "github"
      },
      "original": {
        "owner": "NixOS",
        "ref": "master",
        "repo": "nixos-hardware",
        "type": "github"
      }
    },
    "nixpkgs": {
      "locked": {
        "lastModified": 1771369470,
        "narHash": "sha256-0NBlEBKkN3lufyvFegY4TYv5mCNHbi5OmBDrzihbBMQ=",
        "owner": "NixOS",
        "repo": "nixpkgs",
        "rev": "0182a361324364ae3f436a63005877674cf45efb",
        "type": "github"
      },
      "original": {
        "owner": "NixOS",
        "ref": "nixos-unstable",
        "repo": "nixpkgs",
        "type": "github"
      }
    },
    "nixpkgs-lib": {
      "locked": {
        "lastModified": 1769909678,
        "narHash": "sha256-cBEymOf4/o3FD5AZnzC3J9hLbiZ+QDT/KDuyHXVJOpM=",
        "owner": "nix-community",
        "repo": "nixpkgs.lib",
        "rev": "72716169fe93074c333e8d0173151350670b824c",
        "type": "github"
      },
      "original": {
        "owner": "nix-community",
        "repo": "nixpkgs.lib",
        "type": "github"
      }
    },
    "nixpkgs-stable": {
      "locked": {
        "lastModified": 1771714954,
        "narHash": "sha256-nhZJPnBavtu40/L2aqpljrfUNb2rxmWTmSjK2c9UKds=",
        "owner": "NixOS",
        "repo": "nixpkgs",
        "rev": "afbbf774e2087c3d734266c22f96fca2e78d3620",
        "type": "github"
      },
      "original": {
        "owner": "NixOS",
        "ref": "nixos-25.11",
        "repo": "nixpkgs",
        "type": "github"
      }
    },
    "nixpkgs-unstable": {
      "locked": {
        "lastModified": 1771369470,
        "narHash": "sha256-0NBlEBKkN3lufyvFegY4TYv5mCNHbi5OmBDrzihbBMQ=",
        "owner": "NixOS",
        "repo": "nixpkgs",
        "rev": "0182a361324364ae3f436a63005877674cf45efb",
        "type": "github"
      },
      "original": {
        "owner": "NixOS",
        "ref": "nixos-unstable",
        "repo": "nixpkgs",
        "type": "github"
      }
    },
    "nixpkgs_2": {
      "locked": {
        "lastModified": 1771423170,
        "narHash": "sha256-K7Dg9TQ0mOcAtWTO/FX/FaprtWQ8BmEXTpLIaNRhEwU=",
        "owner": "NixOS",
        "repo": "nixpkgs",
        "rev": "bcc4a9d9533c033d806a46b37dc444f9b0da49dd",
        "type": "github"
      },
      "original": {
        "owner": "NixOS",
        "ref": "nixpkgs-unstable",
        "repo": "nixpkgs",
        "type": "github"
      }
    },
    "nixpkgs_3": {
      "locked": {
        "lastModified": 1762111121,
        "narHash": "sha256-4vhDuZ7OZaZmKKrnDpxLZZpGIJvAeMtK6FKLJYUtAdw=",
        "owner": "NixOS",
        "repo": "nixpkgs",
        "rev": "b3d51a0365f6695e7dd5cdf3e180604530ed33b4",
        "type": "github"
      },
      "original": {
        "owner": "NixOS",
        "ref": "nixos-unstable",
        "repo": "nixpkgs",
        "type": "github"
      }
    },
    "nur": {
      "inputs": {
        "flake-parts": [
          "stylix",
          "flake-parts"
        ],
        "nixpkgs": [
          "stylix",
          "nixpkgs"
        ]
      },
      "locked": {
        "lastModified": 1767810917,
        "narHash": "sha256-ZKqhk772+v/bujjhla9VABwcvz+hB2IaRyeLT6CFnT0=",
        "owner": "nix-community",
        "repo": "NUR",
        "rev": "dead29c804adc928d3a69dfe7f9f12d0eec1f1a4",
        "type": "github"
      },
      "original": {
        "owner": "nix-community",
        "repo": "NUR",
        "type": "github"
      }
    },
    "plugin-amp-nvim": {
      "flake": false,
      "locked": {
        "lastModified": 1765795793,
        "narHash": "sha256-f/li32jpVigbZANnnbgSArnOH4nusj0DUz7952K+Znw=",
        "owner": "sourcegraph",
        "repo": "amp.nvim",
        "rev": "3b9ad5ef0328de1b35cc9bfa723a37db5daf9434",
        "type": "github"
      },
      "original": {
        "owner": "sourcegraph",
        "repo": "amp.nvim",
        "type": "github"
      }
    },
    "plugin-autoclose-nvim": {
      "flake": false,
      "locked": {
        "lastModified": 1753073649,
        "narHash": "sha256-YJm4Lx6E+ayy7NhO2BUJ5JlhPQlQlkDzw/c8uBW2RHk=",
        "owner": "m4xshen",
        "repo": "autoclose.nvim",
        "rev": "3f86702b54a861a17d7994b2e32a7c648cb12fb1",
        "type": "github"
      },
      "original": {
        "owner": "m4xshen",
        "repo": "autoclose.nvim",
        "type": "github"
      }
    },
    "plugin-conform-nvim": {
      "flake": false,
      "locked": {
        "lastModified": 1771828519,
        "narHash": "sha256-G8aSYN23reYvN73+xDxa4XoYd8os2dsEaRgm78J6txo=",
        "owner": "stevearc",
        "repo": "conform.nvim",
        "rev": "e969e302bced7ffb9a0a0323629f31feb0ca35a6",
        "type": "github"
      },
      "original": {
        "owner": "stevearc",
        "repo": "conform.nvim",
        "type": "github"
      }
    },
    "plugin-fidget-nvim": {
      "flake": false,
      "locked": {
        "lastModified": 1768329414,
        "narHash": "sha256-Zap4UVicIvCaPqCMgdlnEAGbMzq1xM4uGpVqZL1iju0=",
        "owner": "j-hui",
        "repo": "fidget.nvim",
        "rev": "7fa433a83118a70fe24c1ce88d5f0bd3453c0970",
        "type": "github"
      },
      "original": {
        "owner": "j-hui",
        "repo": "fidget.nvim",
        "type": "github"
      }
    },
    "plugin-gitsigns-nvim": {
      "flake": false,
      "locked": {
        "lastModified": 1770982544,
        "narHash": "sha256-8QF1pKMaWihW2N6WTy487LChTlg8LKNbDPLaeJv/VWw=",
        "owner": "lewis6991",
        "repo": "gitsigns.nvim",
        "rev": "9f3c6dd7868bcc116e9c1c1929ce063b978fa519",
        "type": "github"
      },
      "original": {
        "owner": "lewis6991",
        "repo": "gitsigns.nvim",
        "type": "github"
      }
    },
    "plugin-lazydev-nvim": {
      "flake": false,
      "locked": {
        "lastModified": 1762423570,
        "narHash": "sha256-1g1PLFR3bc++NimbrRpoOMZyqYWHeX6pDoxsiuoJHus=",
        "owner": "folke",
        "repo": "lazydev.nvim",
        "rev": "5231c62aa83c2f8dc8e7ba957aa77098cda1257d",
        "type": "github"
      },
      "original": {
        "owner": "folke",
        "repo": "lazydev.nvim",
        "type": "github"
      }
    },
    "plugin-mini-nvim": {
      "flake": false,
      "locked": {
        "lastModified": 1771778795,
        "narHash": "sha256-K5LV/+xObmjC9z9LFqCr45Ssb069BJgh7S4plSjsU0s=",
        "owner": "echasnovski",
        "repo": "mini.nvim",
        "rev": "ccfc8c35cac348070a9528410c794459c4cc2eeb",
        "type": "github"
      },
      "original": {
        "owner": "echasnovski",
        "repo": "mini.nvim",
        "type": "github"
      }
    },
    "plugin-nvim-lspconfig": {
      "flake": false,
      "locked": {
        "lastModified": 1771695210,
        "narHash": "sha256-MZgqbA/mvYXtwgCSDPdwsInoiGUZV9+zQ5apoFxfv48=",
        "owner": "neovim",
        "repo": "nvim-lspconfig",
        "rev": "5a855bcfec7973767a1a472335684bbd71d2fa2b",
        "type": "github"
      },
      "original": {
        "owner": "neovim",
        "repo": "nvim-lspconfig",
        "type": "github"
      }
    },
    "plugin-nvim-ufo": {
      "flake": false,
      "locked": {
        "lastModified": 1768128452,
        "narHash": "sha256-zISVDb+YwBr5aQ/LdACKJ62eAzvtYVFpon4uh5OjA3A=",
        "owner": "kevinhwang91",
        "repo": "nvim-ufo",
        "rev": "ab3eb124062422d276fae49e0dd63b3ad1062cfc",
        "type": "github"
      },
      "original": {
        "owner": "kevinhwang91",
        "repo": "nvim-ufo",
        "type": "github"
      }
    },
    "plugin-oil-nvim": {
      "flake": false,
      "locked": {
        "lastModified": 1771807443,
        "narHash": "sha256-aLsq8cAFZyH6yFXyt1hbTKc+ViUXcw2FHPtK83u05ho=",
        "owner": "stevearc",
        "repo": "oil.nvim",
        "rev": "48fc83a9978c5f25833634700c08be583ee78eb7",
        "type": "github"
      },
      "original": {
        "owner": "stevearc",
        "repo": "oil.nvim",
        "type": "github"
      }
    },
    "plugin-plenary-nvim": {
      "flake": false,
      "locked": {
        "lastModified": 1753570668,
        "narHash": "sha256-9Un7ekhBxcnmFE1xjCCFTZ7eqIbmXvQexpnhduAg4M0=",
        "owner": "nvim-lua",
        "repo": "plenary.nvim",
        "rev": "b9fd5226c2f76c951fc8ed5923d85e4de065e509",
        "type": "github"
      },
      "original": {
        "owner": "nvim-lua",
        "repo": "plenary.nvim",
        "type": "github"
      }
    },
    "plugin-promise-async": {
      "flake": false,
      "locked": {
        "lastModified": 1722813441,
        "narHash": "sha256-9eM66brPjiFlY64vmBetRYrKnpDyN7+/URMm4GsGimA=",
        "owner": "kevinhwang91",
        "repo": "promise-async",
        "rev": "119e8961014c9bfaf1487bf3c2a393d254f337e2",
        "type": "github"
      },
      "original": {
        "owner": "kevinhwang91",
        "repo": "promise-async",
        "type": "github"
      }
    },
    "plugin-telescope-fzf-native-nvim": {
      "flake": false,
      "locked": {
        "lastModified": 1762521376,
        "narHash": "sha256-ChEM4jJonAE4qXd/dgTu2mdlpNBj5rEdpA8TgR38oRM=",
        "owner": "nvim-telescope",
        "repo": "telescope-fzf-native.nvim",
        "rev": "6fea601bd2b694c6f2ae08a6c6fab14930c60e2c",
        "type": "github"
      },
      "original": {
        "owner": "nvim-telescope",
        "repo": "telescope-fzf-native.nvim",
        "type": "github"
      }
    },
    "plugin-telescope-nvim": {
      "flake": false,
      "locked": {
        "lastModified": 1771233889,
        "narHash": "sha256-dOU6nQaq4W3KZrC2o2wv0NJ2LNWJgvuoNyWOYP2i4vo=",
        "owner": "nvim-telescope",
        "repo": "telescope.nvim",
        "rev": "5255aa27c422de944791318024167ad5d40aad20",
        "type": "github"
      },
      "original": {
        "owner": "nvim-telescope",
        "repo": "telescope.nvim",
        "type": "github"
      }
    },
    "plugin-telescope-ui-select-nvim": {
      "flake": false,
      "locked": {
        "lastModified": 1701723223,
        "narHash": "sha256-YRhNmmG4gx9Ht8JwjQfbTjJyTHEuZmtP6lqnhOsk8bE=",
        "owner": "nvim-telescope",
        "repo": "telescope-ui-select.nvim",
        "rev": "6e51d7da30bd139a6950adf2a47fda6df9fa06d2",
        "type": "github"
      },
      "original": {
        "owner": "nvim-telescope",
        "repo": "telescope-ui-select.nvim",
        "type": "github"
      }
    },
    "plugin-ts-error-translator": {
      "flake": false,
      "locked": {
        "lastModified": 1767484144,
        "narHash": "sha256-kjZwfvb0B7GC4dBBSdgC/zRmCUCfCm4H5J+8SFzANJ4=",
        "owner": "dmmulroy",
        "repo": "ts-error-translator.nvim",
        "rev": "558abff11b9e8f4cefc0de09df780c56841c7a4b",
        "type": "github"
      },
      "original": {
        "owner": "dmmulroy",
        "repo": "ts-error-translator.nvim",
        "type": "github"
      }
    },
    "plugin-undotree": {
      "flake": false,
      "locked": {
        "lastModified": 1770855549,
        "narHash": "sha256-02z4cSy/mEXoivvjrIs8AUeffy/WqRvOzGlJ47GO7Y4=",
        "owner": "mbbill",
        "repo": "undotree",
        "rev": "d8f99084d98c32f651860eb0baaf89759f91debc",
        "type": "github"
      },
      "original": {
        "owner": "mbbill",
        "repo": "undotree",
        "type": "github"
      }
    },
    "plugin-vim-sleuth": {
      "flake": false,
      "locked": {
        "lastModified": 1726718493,
        "narHash": "sha256-2Cr3h3uJvUL3CSoJs3aBFrkBeOBURSQItgQ4ep9sHXM=",
        "owner": "tpope",
        "repo": "vim-sleuth",
        "rev": "be69bff86754b1aa5adcbb527d7fcd1635a84080",
        "type": "github"
      },
      "original": {
        "owner": "tpope",
        "repo": "vim-sleuth",
        "type": "github"
      }
    },
    "plugin-vim-tmux-navigator": {
      "flake": false,
      "locked": {
        "lastModified": 1769370258,
        "narHash": "sha256-efqiRffnidYx+qjgsHyWshCFWgZp/ZrHl+Clt04pfpM=",
        "owner": "christoomey",
        "repo": "vim-tmux-navigator",
        "rev": "e41c431a0c7b7388ae7ba341f01a0d217eb3a432",
        "type": "github"
      },
      "original": {
        "owner": "christoomey",
        "repo": "vim-tmux-navigator",
        "type": "github"
      }
    },
    "plugin-vim-tpipeline": {
      "flake": false,
      "locked": {
        "lastModified": 1760395779,
        "narHash": "sha256-p25EBXx4lDA+7lP6LukPT/rqX/bNCliRlHs0PcOp9bo=",
        "owner": "vimpostor",
        "repo": "vim-tpipeline",
        "rev": "bc6dfc10e26a8dd1ec2f0512050a8a0afaa9d090",
        "type": "github"
      },
      "original": {
        "owner": "vimpostor",
        "repo": "vim-tpipeline",
        "type": "github"
      }
    },
    "plugin-which-key-nvim": {
      "flake": false,
      "locked": {
        "lastModified": 1761664528,
        "narHash": "sha256-rKaYnXM4gRkkF/+xIFm2oCZwtAU6CeTdRWU93N+Jmbc=",
        "owner": "folke",
        "repo": "which-key.nvim",
        "rev": "3aab2147e74890957785941f0c1ad87d0a44c15a",
        "type": "github"
      },
      "original": {
        "owner": "folke",
        "repo": "which-key.nvim",
        "type": "github"
      }
    },
    "quickshell": {
      "inputs": {
        "nixpkgs": [
          "nixpkgs"
        ]
      },
      "locked": {
        "lastModified": 1771828702,
        "narHash": "sha256-ii717A9saVvTtn3WIYRV5WG171IL7AuVueUjwjKaLIo=",
        "ref": "refs/heads/master",
        "rev": "2cf57f43d5f2a5b139d1f1702c83e126e17f27f8",
        "revCount": 740,
        "type": "git",
        "url": "https://git.outfoxxed.me/outfoxxed/quickshell"
      },
      "original": {
        "type": "git",
        "url": "https://git.outfoxxed.me/outfoxxed/quickshell"
      }
    },
    "root": {
      "inputs": {
        "agent-browser": "agent-browser",
        "axiom-deploy-annotation": "axiom-deploy-annotation",
        "axiom-skills": "axiom-skills",
        "berkeley-mono": "berkeley-mono",
        "copyparty": "copyparty",
        "cursor": "cursor",
        "flake-parts": "flake-parts",
        "home-manager": "home-manager",
        "jovian-nixos": "jovian-nixos",
        "lnr": "lnr",
        "niri": "niri",
        "nix-darwin": "nix-darwin",
        "nix-flatpak": "nix-flatpak",
        "nixos-hardware": "nixos-hardware",
        "nixpkgs": "nixpkgs_2",
        "nixpkgs-unstable": "nixpkgs-unstable",
        "plugin-amp-nvim": "plugin-amp-nvim",
        "plugin-autoclose-nvim": "plugin-autoclose-nvim",
        "plugin-conform-nvim": "plugin-conform-nvim",
        "plugin-fidget-nvim": "plugin-fidget-nvim",
        "plugin-gitsigns-nvim": "plugin-gitsigns-nvim",
        "plugin-lazydev-nvim": "plugin-lazydev-nvim",
        "plugin-mini-nvim": "plugin-mini-nvim",
        "plugin-nvim-lspconfig": "plugin-nvim-lspconfig",
        "plugin-nvim-ufo": "plugin-nvim-ufo",
        "plugin-oil-nvim": "plugin-oil-nvim",
        "plugin-plenary-nvim": "plugin-plenary-nvim",
        "plugin-promise-async": "plugin-promise-async",
        "plugin-telescope-fzf-native-nvim": "plugin-telescope-fzf-native-nvim",
        "plugin-telescope-nvim": "plugin-telescope-nvim",
        "plugin-telescope-ui-select-nvim": "plugin-telescope-ui-select-nvim",
        "plugin-ts-error-translator": "plugin-ts-error-translator",
        "plugin-undotree": "plugin-undotree",
        "plugin-vim-sleuth": "plugin-vim-sleuth",
        "plugin-vim-tmux-navigator": "plugin-vim-tmux-navigator",
        "plugin-vim-tpipeline": "plugin-vim-tpipeline",
        "plugin-which-key-nvim": "plugin-which-key-nvim",
        "quickshell": "quickshell",
        "snarktank-ralph-skills": "snarktank-ralph-skills",
        "sops-nix": "sops-nix",
        "spicetify-nix": "spicetify-nix",
        "stylix": "stylix",
        "vercel-skills": "vercel-skills",
        "vicinae": "vicinae"
      }
    },
    "snarktank-ralph-skills": {
      "flake": false,
      "locked": {
        "lastModified": 1769996781,
        "narHash": "sha256-HuNtf9X/YuQVBQ4+EK0DP1lQe3RCUbj2OuwYzBqX7m0=",
        "owner": "snarktank",
        "repo": "ralph",
        "rev": "6c53cb0b831ebe8739c6a003e22af14902d8b0b5",
        "type": "github"
      },
      "original": {
        "owner": "snarktank",
        "repo": "ralph",
        "type": "github"
      }
    },
    "sops-nix": {
      "inputs": {
        "nixpkgs": [
          "nixpkgs"
        ]
      },
      "locked": {
        "lastModified": 1771735105,
        "narHash": "sha256-MJuVJeszZEziquykEHh/hmgIHYxUcuoG/1aowpLiSeU=",
        "owner": "Mic92",
        "repo": "sops-nix",
        "rev": "d7755d820f5fa8acf7f223309c33e25d4f92e74f",
        "type": "github"
      },
      "original": {
        "owner": "Mic92",
        "repo": "sops-nix",
        "type": "github"
      }
    },
    "spicetify-nix": {
      "inputs": {
        "nixpkgs": [
          "nixpkgs"
        ],
        "systems": "systems_3"
      },
      "locked": {
        "lastModified": 1771737804,
        "narHash": "sha256-7wn9qbzIQQgH8tnq4VwzuWEqEWpekuymlLyhY3vM/j8=",
        "owner": "Gerg-L",
        "repo": "spicetify-nix",
        "rev": "6dd43010ac2458cc56a6ac5250349b9217a7a2ae",
        "type": "github"
      },
      "original": {
        "owner": "Gerg-L",
        "repo": "spicetify-nix",
        "type": "github"
      }
    },
    "stylix": {
      "inputs": {
        "base16": "base16",
        "base16-fish": "base16-fish",
        "base16-helix": "base16-helix",
        "base16-vim": "base16-vim",
        "firefox-gnome-theme": "firefox-gnome-theme",
        "flake-parts": "flake-parts_2",
        "gnome-shell": "gnome-shell",
        "nixpkgs": [
          "nixpkgs"
        ],
        "nur": "nur",
        "systems": "systems_4",
        "tinted-foot": "tinted-foot",
        "tinted-kitty": "tinted-kitty",
        "tinted-schemes": "tinted-schemes",
        "tinted-tmux": "tinted-tmux",
        "tinted-zed": "tinted-zed"
      },
      "locked": {
        "lastModified": 1771787992,
        "narHash": "sha256-Vg4bGwwenNYI8p3nJTl9FRyeIyrjATeZrZr+GyUSDrw=",
        "owner": "danth",
        "repo": "stylix",
        "rev": "30054cca073b49b42a71289edec858f535b27fe9",
        "type": "github"
      },
      "original": {
        "owner": "danth",
        "repo": "stylix",
        "type": "github"
      }
    },
    "systems": {
      "locked": {
        "lastModified": 1681028828,
        "narHash": "sha256-Vy1rq5AaRuLzOxct8nz4T6wlgyUR7zLU309k9mBC768=",
        "owner": "nix-systems",
        "repo": "default",
        "rev": "da67096a3b9bf56a91d16901293e51ba5b49a27e",
        "type": "github"
      },
      "original": {
        "owner": "nix-systems",
        "repo": "default",
        "type": "github"
      }
    },
    "systems_2": {
      "locked": {
        "lastModified": 1681028828,
        "narHash": "sha256-Vy1rq5AaRuLzOxct8nz4T6wlgyUR7zLU309k9mBC768=",
        "owner": "nix-systems",
        "repo": "default",
        "rev": "da67096a3b9bf56a91d16901293e51ba5b49a27e",
        "type": "github"
      },
      "original": {
        "owner": "nix-systems",
        "repo": "default",
        "type": "github"
      }
    },
    "systems_3": {
      "locked": {
        "lastModified": 1681028828,
        "narHash": "sha256-Vy1rq5AaRuLzOxct8nz4T6wlgyUR7zLU309k9mBC768=",
        "owner": "nix-systems",
        "repo": "default",
        "rev": "da67096a3b9bf56a91d16901293e51ba5b49a27e",
        "type": "github"
      },
      "original": {
        "owner": "nix-systems",
        "repo": "default",
        "type": "github"
      }
    },
    "systems_4": {
      "locked": {
        "lastModified": 1681028828,
        "narHash": "sha256-Vy1rq5AaRuLzOxct8nz4T6wlgyUR7zLU309k9mBC768=",
        "owner": "nix-systems",
        "repo": "default",
        "rev": "da67096a3b9bf56a91d16901293e51ba5b49a27e",
        "type": "github"
      },
      "original": {
        "owner": "nix-systems",
        "repo": "default",
        "type": "github"
      }
    },
    "systems_5": {
      "locked": {
        "lastModified": 1681028828,
        "narHash": "sha256-Vy1rq5AaRuLzOxct8nz4T6wlgyUR7zLU309k9mBC768=",
        "owner": "nix-systems",
        "repo": "default",
        "rev": "da67096a3b9bf56a91d16901293e51ba5b49a27e",
        "type": "github"
      },
      "original": {
        "owner": "nix-systems",
        "repo": "default",
        "type": "github"
      }
    },
    "tinted-foot": {
      "flake": false,
      "locked": {
        "lastModified": 1726913040,
        "narHash": "sha256-+eDZPkw7efMNUf3/Pv0EmsidqdwNJ1TaOum6k7lngDQ=",
        "owner": "tinted-theming",
        "repo": "tinted-foot",
        "rev": "fd1b924b6c45c3e4465e8a849e67ea82933fcbe4",
        "type": "github"
      },
      "original": {
        "owner": "tinted-theming",
        "repo": "tinted-foot",
        "rev": "fd1b924b6c45c3e4465e8a849e67ea82933fcbe4",
        "type": "github"
      }
    },
    "tinted-kitty": {
      "flake": false,
      "locked": {
        "lastModified": 1735730497,
        "narHash": "sha256-4KtB+FiUzIeK/4aHCKce3V9HwRvYaxX+F1edUrfgzb8=",
        "owner": "tinted-theming",
        "repo": "tinted-kitty",
        "rev": "de6f888497f2c6b2279361bfc790f164bfd0f3fa",
        "type": "github"
      },
      "original": {
        "owner": "tinted-theming",
        "repo": "tinted-kitty",
        "type": "github"
      }
    },
    "tinted-schemes": {
      "flake": false,
      "locked": {
        "lastModified": 1767710407,
        "narHash": "sha256-+W1EB79Jl0/gm4JqmO0Nuc5C7hRdp4vfsV/VdzI+des=",
        "owner": "tinted-theming",
        "repo": "schemes",
        "rev": "2800e2b8ac90f678d7e4acebe4fa253f602e05b2",
        "type": "github"
      },
      "original": {
        "owner": "tinted-theming",
        "repo": "schemes",
        "type": "github"
      }
    },
    "tinted-tmux": {
      "flake": false,
      "locked": {
        "lastModified": 1767489635,
        "narHash": "sha256-e6nnFnWXKBCJjCv4QG4bbcouJ6y3yeT70V9MofL32lU=",
        "owner": "tinted-theming",
        "repo": "tinted-tmux",
        "rev": "3c32729ccae99be44fe8a125d20be06f8d7d8184",
        "type": "github"
      },
      "original": {
        "owner": "tinted-theming",
        "repo": "tinted-tmux",
        "type": "github"
      }
    },
    "tinted-zed": {
      "flake": false,
      "locked": {
        "lastModified": 1767488740,
        "narHash": "sha256-wVOj0qyil8m+ouSsVZcNjl5ZR+1GdOOAooAatQXHbuU=",
        "owner": "tinted-theming",
        "repo": "base16-zed",
        "rev": "11abb0b282ad3786a2aae088d3a01c60916f2e40",
        "type": "github"
      },
      "original": {
        "owner": "tinted-theming",
        "repo": "base16-zed",
        "type": "github"
      }
    },
    "vercel-skills": {
      "flake": false,
      "locked": {
        "lastModified": 1769685356,
        "narHash": "sha256-rSfySiCwtEP82tG9La4G7l4bu7W40ICT2qHeqpJArXc=",
        "owner": "vercel-labs",
        "repo": "agent-skills",
        "rev": "e23951b8cad2f4b1e7e176c5731127c1263fe86f",
        "type": "github"
      },
      "original": {
        "owner": "vercel-labs",
        "repo": "agent-skills",
        "type": "github"
      }
    },
    "vicinae": {
      "inputs": {
        "nixpkgs": "nixpkgs_3",
        "systems": "systems_5"
      },
      "locked": {
        "lastModified": 1767188793,
        "narHash": "sha256-0lfN0qkbm8DOKePieCZsrbXLR1Xrekau8KcfGSjVc1E=",
        "owner": "bdsqqq",
        "repo": "vicinae",
        "rev": "f1afea89c35983880278c05384606a34ab1c8b40",
        "type": "github"
      },
      "original": {
        "owner": "bdsqqq",
        "ref": "f1afea89",
        "repo": "vicinae",
        "type": "github"
      }
    },
    "xwayland-satellite-stable": {
      "flake": false,
      "locked": {
        "lastModified": 1755491097,
        "narHash": "sha256-m+9tUfsmBeF2Gn4HWa6vSITZ4Gz1eA1F5Kh62B0N4oE=",
        "owner": "Supreeeme",
        "repo": "xwayland-satellite",
        "rev": "388d291e82ffbc73be18169d39470f340707edaa",
        "type": "github"
      },
      "original": {
        "owner": "Supreeeme",
        "ref": "v0.7",
        "repo": "xwayland-satellite",
        "type": "github"
      }
    },
    "xwayland-satellite-unstable": {
      "flake": false,
      "locked": {
        "lastModified": 1771787042,
        "narHash": "sha256-7bM6Y4KldhKnfopSALF8XALxcX7ehkomXH9sPl4MXp0=",
        "owner": "Supreeeme",
        "repo": "xwayland-satellite",
        "rev": "33c344fee50504089a447a8fef5878cf4f6215fc",
        "type": "github"
      },
      "original": {
        "owner": "Supreeeme",
        "repo": "xwayland-satellite",
        "type": "github"
      }
    }
  },
  "root": "root",
  "version": 7
}
